
Microsoft Visual Studio Solution File, Format Version 12.00
# Visual Studio Version 17
VisualStudioVersion = 17.7.34024.191
MinimumVisualStudioVersion = 10.0.40219.1
Project("{FAE04EC0-301F-11D3-BF4B-00C04F79EFBC}") = "Interface-Homework", "Interface-Homework\Interface-Homework.csproj", "{CFC2C477-94EA-4EA3-B0EE-553FE68C03DF}"
EndProject
Project("{FAE04EC0-301F-11D3-BF4B-00C04F79EFBC}") = "Domain", "Domain\Domain.csproj", "{84E8C11D-B82B-4AA4-818B-A136C8D39E4D}"
EndProject
Project("{FAE04EC0-301F-11D3-BF4B-00C04F79EFBC}") = "Service", "Service\Service.csproj", "{5C8FA1A1-A6FF-4EBB-9BB8-53E032312638}"
EndProject
Global
	GlobalSection(SolutionConfigurationPlatforms) = preSolution
		Debug|Any CPU = Debug|Any CPU
		Release|Any CPU = Release|Any CPU
	EndGlobalSection
	GlobalSection(ProjectConfigurationPlatforms) = postSolution
		{CFC2C477-94EA-4EA3-B0EE-553FE68C03DF}.Debug|Any CPU.ActiveCfg = Debug|Any CPU
		{CFC2C477-94EA-4EA3-B0EE-553FE68C03DF}.Debug|Any CPU.Build.0 = Debug|Any CPU
		{CFC2C477-94EA-4EA3-B0EE-553FE68C03DF}.Release|Any CPU.ActiveCfg = Release|Any CPU
		{CFC2C477-94EA-4EA3-B0EE-553FE68C03DF}.Release|Any CPU.Build.0 = Release|Any CPU
		{84E8C11D-B82B-4AA4-818B-A136C8D39E4D}.Debug|Any CPU.ActiveCfg = Debug|Any CPU
		{84E8C11D-B82B-4AA4-818B-A136C8D39E4D}.Debug|Any CPU.Build.0 = Debug|Any CPU
		{84E8C11D-B82B-4AA4-818B-A136C8D39E4D}.Release|Any CPU.ActiveCfg = Release|Any CPU
		{84E8C11D-B82B-4AA4-818B-A136C8D39E4D}.Release|Any CPU.Build.0 = Release|Any CPU
		{5C8FA1A1-A6FF-4EBB-9BB8-53E032312638}.Debug|Any CPU.ActiveCfg = Debug|Any CPU
		{5C8FA1A1-A6FF-4EBB-9BB8-53E032312638}.Debug|Any CPU.Build.0 = Debug|Any CPU
		{5C8FA1A1-A6FF-4EBB-9BB8-53E032312638}.Release|Any CPU.ActiveCfg = Release|Any CPU
		{5C8FA1A1-A6FF-4EBB-9BB8-53E032312638}.Release|Any CPU.Build.0 = Release|Any CPU
	EndGlobalSection
	GlobalSection(SolutionProperties) = preSolution
		HideSolutionNode = FALSE
	EndGlobalSection
	GlobalSection(ExtensibilityGlobals) = postSolution
		SolutionGuid = {258066A1-F25F-477E-B6E4-8EF96636841A}
	EndGlobalSection
EndGlobal
